
Microsoft Visual Studio Solution File, Format Version 12.00
# Visual Studio Version 17
VisualStudioVersion = 17.7.34031.279
MinimumVisualStudioVersion = 10.0.40219.1
Project("{FAE04EC0-301F-11D3-BF4B-00C04F79EFBC}") = "AutomatizacionFicheros", "AutomatizacionFicheros\AutomatizacionFicheros.csproj", "{DFEEFFDC-3398-4F7F-B1EA-817C8C584162}"
EndProject
Global
	GlobalSection(SolutionConfigurationPlatforms) = preSolution
		Debug|Any CPU = Debug|Any CPU
		Release|Any CPU = Release|Any CPU
	EndGlobalSection
	GlobalSection(ProjectConfigurationPlatforms) = postSolution
		{DFEEFFDC-3398-4F7F-B1EA-817C8C584162}.Debug|Any CPU.ActiveCfg = Debug|Any CPU
		{DFEEFFDC-3398-4F7F-B1EA-817C8C584162}.Debug|Any CPU.Build.0 = Debug|Any CPU
		{DFEEFFDC-3398-4F7F-B1EA-817C8C584162}.Release|Any CPU.ActiveCfg = Release|Any CPU
		{DFEEFFDC-3398-4F7F-B1EA-817C8C584162}.Release|Any CPU.Build.0 = Release|Any CPU
	EndGlobalSection
	GlobalSection(SolutionProperties) = preSolution
		HideSolutionNode = FALSE
	EndGlobalSection
	GlobalSection(ExtensibilityGlobals) = postSolution
		SolutionGuid = {EBB67595-93B0-4C36-A088-54196CA0DD4F}
	EndGlobalSection
EndGlobal
